# This file is autogenerated, do not edit; changes may be undone by the next 'dep ensure'.


[[projects]]
  branch = "master"
  digest = "1:78e80602d71837c404478f9fc6ff0a10e354b990261a5c8f05eccc6ed347614d"
  name = "github.com/Sirupsen/logrus"
  packages = ["."]
  pruneopts = "UT"
  revision = "d7b6bf5e4d26448fd977d07d745a2a66097ddecb"

[[projects]]
  digest = "1:73efbb654761e7e4087e4d9b912cfca51aed11329ab31888a377b46e1a3e065e"
  name = "github.com/bitrise-io/bitrise"
  packages = ["configs"]
  pruneopts = "UT"
  revision = "5d52fad1a1fbe34417296f1fbf6d3672c5d5efc9"
  version = "1.27.1"

[[projects]]
  branch = "master"
  digest = "1:b9164766bc379bf20bec4dead3f9ab4e32d49d4123e8c208d2e63ba50279a4bc"
  name = "github.com/bitrise-io/go-utils"
  packages = [
    "colorstring",
    "command",
    "command/rubycommand",
    "errorutil",
    "fileutil",
    "log",
    "parseutil",
    "pathutil",
    "pointers",
    "progress",
    "stringutil",
  ]
  pruneopts = "UT"
  revision = "2a09aab8380d7842750328aebd5671bcccea89c8"

[[projects]]
  branch = "master"
  digest = "1:dacd83ec550d6d5c2ac83e57f20d45a25a39d79c73be4451771f92572a1f6344"
  name = "github.com/bitrise-tools/go-steputils"
  packages = ["stepconf"]
  pruneopts = "UT"
  revision = "ec226b2359fcd806be64f0ad2217d8e741a1ff11"

[[projects]]
  branch = "master"
  digest = "1:fdfc24a0fc8d18988dba54a553688bd7faba941f5d0009da5a2e1dd21e4b4340"
  name = "github.com/bitrise-tools/go-xcode"
  packages = [
    "models",
    "plistutil",
    "utility",
    "xcodebuild",
    "xcpretty",
  ]
  pruneopts = "UT"
  revision = "b3f7172f910693d60973a07b61db757aca81f778"

[[projects]]
  digest = "1:950caca7dfcf796419232ba996c9c3539d09f26af27ba848c4508e604c13efbb"
  name = "github.com/hashicorp/go-version"
  packages = ["."]
  pruneopts = "UT"
  revision = "d40cf49b3a77bba84a7afdbd7f1dc295d114efb1"
  version = "v1.1.0"

[[projects]]
  branch = "master"
  digest = "1:400e113a367b511b9b09ca642ee11d9885485a93838526d697033af334a2fdde"
  name = "github.com/kballard/go-shellquote"
  packages = ["."]
  pruneopts = "UT"
  revision = "95032a82bc518f77982ea72343cc1ade730072f0"

[[projects]]
  digest = "1:31e761d97c76151dde79e9d28964a812c46efc5baee4085b86f68f0c654450de"
  name = "github.com/konsorten/go-windows-terminal-sequences"
  packages = ["."]
  pruneopts = "UT"
  revision = "f55edac94c9bbba5d6182a4be46d86a2c9b5b50e"
  version = "v1.0.2"

[[projects]]
  branch = "master"
  digest = "1:058e9504b9a79bfe86092974d05bb3298d2aa0c312d266d43148de289a5065d9"
  name = "golang.org/x/crypto"
  packages = ["ssh/terminal"]
  pruneopts = "UT"
  revision = "8dd112bcdc25174059e45e07517d9fc663123347"

[[projects]]
  branch = "master"
  digest = "1:1be6480d6816d23e125645a42e38c9a2637a460d8470f432be6ffc02306c5488"
  name = "golang.org/x/sys"
  packages = [
    "unix",
    "windows",
  ]
  pruneopts = "UT"
  revision = "b294cbcfc56d2a65a30c02c78722b5df061e99b8"

[[projects]]
  branch = "master"
  digest = "1:c10265d5a71326618d37e97169eddb3582f78e8ac7dcf87403b4cf619efd519a"
  name = "howett.net/plist"
  packages = ["."]
  pruneopts = "UT"
  revision = "591f970eefbbeb04d7b37f334a0c4c3256e32876"

[solve-meta]
  analyzer-name = "dep"
  analyzer-version = 1
  input-imports = [
    "github.com/bitrise-io/bitrise/configs",
    "github.com/bitrise-io/go-utils/command",
    "github.com/bitrise-io/go-utils/fileutil",
    "github.com/bitrise-io/go-utils/log",
    "github.com/bitrise-io/go-utils/pathutil",
    "github.com/bitrise-io/go-utils/progress",
    "github.com/bitrise-io/go-utils/stringutil",
    "github.com/bitrise-tools/go-steputils/stepconf",
    "github.com/bitrise-tools/go-xcode/models",
    "github.com/bitrise-tools/go-xcode/plistutil",
    "github.com/bitrise-tools/go-xcode/utility",
    "github.com/bitrise-tools/go-xcode/xcpretty",
    "github.com/hashicorp/go-version",
    "github.com/kballard/go-shellquote",
  ]
  solver-name = "gps-cdcl"
  solver-version = 1
