# This file is autogenerated, do not edit; changes may be undone by the next 'dep ensure'.


[[projects]]
  branch = "master"
  digest = "1:6083fc4e90fe661aad326c42fa16fb85774cb55711560d1208c82ff290534836"
  name = "github.com/bitrise-io/go-utils"
  packages = [
    "colorstring",
    "command",
    "command/rubycommand",
    "errorutil",
    "fileutil",
    "log",
    "parseutil",
    "pathutil",
    "pointers",
    "progress",
    "stringutil",
  ]
  pruneopts = ""
  revision = "2a09aab8380d7842750328aebd5671bcccea89c8"

[[projects]]
  branch = "master"
  digest = "1:3511df2e558e2755b01ce5670ddc536fa031e63e5b4974bb0f35aac53704f06e"
  name = "github.com/bitrise-tools/go-steputils"
  packages = ["stepconf"]
  pruneopts = ""
  revision = "ec226b2359fcd806be64f0ad2217d8e741a1ff11"

[[projects]]
  branch = "master"
  digest = "1:1bf3bf5167d9a8caa0a3e3e5c62cc59e1bff66c446eebc43929d4ee600ac425e"
  name = "github.com/bitrise-tools/go-xcode"
  packages = [
    "models",
    "plistutil",
    "utility",
    "xcodebuild",
    "xcpretty",
  ]
  pruneopts = ""
  revision = "82aa5ad881aad17afd7b73af03dabc4ef89b8a53"

[[projects]]
  branch = "master"
  digest = "1:3913b50970ff06df2bf408645fc96f2cd9e46e88029167f941601217bc33e888"
  name = "github.com/bitrise-tools/xcode-project"
  packages = [
    "serialized",
    "xcodebuild",
    "xcodeproj",
    "xcscheme",
    "xcworkspace",
  ]
  pruneopts = ""
  revision = "fa60a59db68493e9e756aa4bbee18966dc1dc9a0"

[[projects]]
  digest = "1:0deddd908b6b4b768cfc272c16ee61e7088a60f7fe2f06c547bd3d8e1f8b8e77"
  name = "github.com/davecgh/go-spew"
  packages = ["spew"]
  pruneopts = ""
  revision = "8991bc29aa16c548c550c7ff78260e27b9ab7c73"
  version = "v1.1.1"

[[projects]]
  branch = "master"
  digest = "1:8c7fb7f81c06add10a17362abc1ae569ff9765a26c061c6b6e67c909f4f414db"
  name = "github.com/hashicorp/go-version"
  packages = ["."]
  pruneopts = ""
  revision = "b5a281d3160aa11950a6182bd9a9dc2cb1e02d50"

[[projects]]
  branch = "master"
  digest = "1:63e7368fcf6b54804076eaec26fd9cf0c4466166b272393db4b93102e1e962df"
  name = "github.com/kballard/go-shellquote"
  packages = ["."]
  pruneopts = ""
  revision = "95032a82bc518f77982ea72343cc1ade730072f0"

[[projects]]
  digest = "1:256484dbbcd271f9ecebc6795b2df8cad4c458dd0f5fd82a8c2fa0c29f233411"
  name = "github.com/pmezard/go-difflib"
  packages = ["difflib"]
  pruneopts = ""
  revision = "792786c7400a136282c1664665ae0a8db921c6c2"
  version = "v1.0.0"

[[projects]]
  branch = "master"
  digest = "1:71299c0c883c5b12979d110d80058e2e4f8b7ee55436a6cdabe090934b56417a"
  name = "github.com/stretchr/testify"
  packages = [
    "assert",
    "require",
  ]
  pruneopts = ""
  revision = "5b93e2dc01fd8fbf32aa74a198b0ebe78f6f6b6f"

[[projects]]
  branch = "master"
  digest = "1:887074c37fcefc2f49b5ae9c6f9f36107341aec23185613d0e9f1ee81db7f94a"
  name = "golang.org/x/crypto"
  packages = ["ssh/terminal"]
  pruneopts = ""
  revision = "505ab145d0a99da450461ae2c1a9f6cd10d1f447"

[[projects]]
  branch = "master"
  digest = "1:1762d94528e8f2d138a1ee746b1fc23a6ea81ff5d3db85a077ab1a05060a852e"
  name = "golang.org/x/sys"
  packages = [
    "unix",
    "windows",
  ]
  pruneopts = ""
  revision = "73d4af5aa059c8c2dfcf25aad4efd6ce7bc9adc1"

[[projects]]
  branch = "master"
  digest = "1:e43acd1190dde7223727f1f8aeac537156d33bf87776d5637e672e1c6b354be4"
  name = "howett.net/plist"
  packages = ["."]
  pruneopts = ""
  revision = "591f970eefbbeb04d7b37f334a0c4c3256e32876"

[solve-meta]
  analyzer-name = "dep"
  analyzer-version = 1
  input-imports = [
    "github.com/bitrise-io/go-utils/command",
    "github.com/bitrise-io/go-utils/fileutil",
    "github.com/bitrise-io/go-utils/log",
    "github.com/bitrise-io/go-utils/pathutil",
    "github.com/bitrise-io/go-utils/progress",
    "github.com/bitrise-io/go-utils/stringutil",
    "github.com/bitrise-tools/go-steputils/stepconf",
    "github.com/bitrise-tools/go-xcode/models",
    "github.com/bitrise-tools/go-xcode/plistutil",
    "github.com/bitrise-tools/go-xcode/utility",
    "github.com/bitrise-tools/go-xcode/xcpretty",
    "github.com/bitrise-tools/xcode-project/serialized",
    "github.com/bitrise-tools/xcode-project/xcworkspace",
    "github.com/hashicorp/go-version",
    "github.com/kballard/go-shellquote",
    "github.com/stretchr/testify/require",
  ]
  solver-name = "gps-cdcl"
  solver-version = 1
