# This file is autogenerated, do not edit; changes may be undone by the next 'dep ensure'.


[[projects]]
  digest = "1:1760ee71834b3d0c59ffb6e0f9444fb68aec64bd6630b99b349fb111f74022fa"
  name = "github.com/Sirupsen/logrus"
  packages = ["."]
  pruneopts = "UT"
  revision = "6699a89a232f3db797f2e280639854bbc4b89725"
  version = "v1.7.0"

[[projects]]
  branch = "master"
  digest = "1:c26c6f48d8add3ddfe9b3abf7b5d8fe2eb8f3d59f3e31e59f4488a23663e8b6b"
  name = "github.com/bitrise-io/bitrise"
  packages = ["configs"]
  pruneopts = "UT"
  revision = "edc91649c85c1e4f801dccf5a489ebf42903a2a5"

[[projects]]
  branch = "master"
  digest = "1:a6c4b93cbf1598f39f75f8eb10aad73caf515d130c945da2fb9eb96743b23dc7"
  name = "github.com/bitrise-io/go-steputils"
  packages = [
    "cache",
    "stepconf",
    "tools",
  ]
  pruneopts = "UT"
  revision = "03ae3a6ded35c5e8aed0058ec270e3494d242d17"

[[projects]]
  branch = "master"
  digest = "1:f93d75bb042fd71de998d5538d0bab89129adfc6ddfa0ca99f8775cba072067f"
  name = "github.com/bitrise-io/go-utils"
  packages = [
    "colorstring",
    "command",
    "command/rubycommand",
    "fileutil",
    "log",
    "parseutil",
    "pathutil",
    "pointers",
    "progress",
    "stringutil",
  ]
  pruneopts = "UT"
  revision = "859032e9adf02532a86a362ae5d1cfbc9292fcaf"

[[projects]]
  branch = "master"
  digest = "1:342b98f72ffdc9ae0ca9d0f9652bc1489b8725581b4556291145d65b64c4ac10"
  name = "github.com/bitrise-io/go-xcode"
  packages = [
    "models",
    "plistutil",
    "simulator",
    "utility",
    "xcodebuild",
    "xcodecache",
    "xcpretty",
  ]
  pruneopts = "UT"
  revision = "81c1cd57e28a647e2b6e323791b62e620b333cd9"

[[projects]]
  digest = "1:ffe9824d294da03b391f44e1ae8281281b4afc1bdaa9588c9097785e3af10cec"
  name = "github.com/davecgh/go-spew"
  packages = ["spew"]
  pruneopts = "UT"
  revision = "8991bc29aa16c548c550c7ff78260e27b9ab7c73"
  version = "v1.1.1"

[[projects]]
  digest = "1:95732e0c27df672b3fdf5cdd8edd18cba5fc07263ef7cd25eaaad4afc4730313"
  name = "github.com/hashicorp/go-version"
  packages = ["."]
  pruneopts = "UT"
  revision = "59da58cfd357de719a4d16dac30481391a56c002"
  version = "v1.2.1"

[[projects]]
  branch = "master"
  digest = "1:400e113a367b511b9b09ca642ee11d9885485a93838526d697033af334a2fdde"
  name = "github.com/kballard/go-shellquote"
  packages = ["."]
  pruneopts = "UT"
  revision = "95032a82bc518f77982ea72343cc1ade730072f0"

[[projects]]
  digest = "1:0028cb19b2e4c3112225cd871870f2d9cf49b9b4276531f03438a88e94be86fe"
  name = "github.com/pmezard/go-difflib"
  packages = ["difflib"]
  pruneopts = "UT"
  revision = "792786c7400a136282c1664665ae0a8db921c6c2"
  version = "v1.0.0"

[[projects]]
  digest = "1:2c8bb9a0858e2ab458c1641345b6eaa3754b7ae453f8d30b15701f8b12b7ead7"
  name = "github.com/stretchr/testify"
  packages = ["assert"]
  pruneopts = "UT"
  revision = "f654a9112bbeac49ca2cd45bfbe11533c4666cf8"
  version = "v1.6.1"

[[projects]]
  branch = "master"
  digest = "1:c9d0c7346c55bc13efdb3dbf13938e909d22a7a7bf115af69a79e25553513bd0"
  name = "golang.org/x/crypto"
  packages = ["ssh/terminal"]
  pruneopts = "UT"
  revision = "eec23a3978adcfd26c29f4153eaa3e3d9b2cc53a"

[[projects]]
  branch = "master"
  digest = "1:cecb49462ee181607e39a440426510d0c12869ccb23c693aef89cf70044782fe"
  name = "golang.org/x/sys"
  packages = [
    "internal/unsafeheader",
    "plan9",
    "unix",
    "windows",
  ]
  pruneopts = "UT"
  revision = "16f7687f5001b816ff9f6b586071238941e88a9d"

[[projects]]
  branch = "master"
  digest = "1:aff3723b8ec6c06bb52b62cf492783ae041e137534714289acb6625c031d1b24"
  name = "golang.org/x/term"
  packages = ["."]
  pruneopts = "UT"
  revision = "2321bbc49cbf8303ea9834c419750e793e31be73"

[[projects]]
  digest = "1:666e3df74f0c4788cc92426b18e33d93b7b62a3d4e8253f7c4b2226132a0f8de"
  name = "golang.org/x/text"
  packages = [
    "internal/gen",
    "internal/triegen",
    "internal/ucd",
    "transform",
    "unicode/cldr",
    "unicode/norm",
  ]
  pruneopts = "UT"
  revision = "22f1617af38ed4cd65b3b96e02bab267e560155c"
  version = "v0.3.4"

[[projects]]
  branch = "v3"
  digest = "1:ed966e5dd7c12ee9c9f90d5e7437bcaec11986e993e91285525d01095c8f1406"
  name = "gopkg.in/yaml.v3"
  packages = ["."]
  pruneopts = "UT"
  revision = "2e78108cf5f8ddf04f6c7f6ee3ee5d26bcf3996f"

[[projects]]
  branch = "master"
  digest = "1:812d0f78132bbf7731c247b2a3ea54710ecc8fd251a9e4898be9793f25dbdb1a"
  name = "howett.net/plist"
  packages = ["."]
  pruneopts = "UT"
  revision = "1454fab16a0642638feb0ae98c41f79eccb2a20a"

[solve-meta]
  analyzer-name = "dep"
  analyzer-version = 1
  input-imports = [
    "github.com/bitrise-io/bitrise/configs",
    "github.com/bitrise-io/go-steputils/stepconf",
    "github.com/bitrise-io/go-utils/colorstring",
    "github.com/bitrise-io/go-utils/command",
    "github.com/bitrise-io/go-utils/fileutil",
    "github.com/bitrise-io/go-utils/log",
    "github.com/bitrise-io/go-utils/pathutil",
    "github.com/bitrise-io/go-utils/progress",
    "github.com/bitrise-io/go-utils/stringutil",
    "github.com/bitrise-io/go-xcode/plistutil",
    "github.com/bitrise-io/go-xcode/simulator",
    "github.com/bitrise-io/go-xcode/utility",
    "github.com/bitrise-io/go-xcode/xcodecache",
    "github.com/bitrise-io/go-xcode/xcpretty",
    "github.com/hashicorp/go-version",
    "github.com/kballard/go-shellquote",
    "github.com/stretchr/testify/assert",
  ]
  solver-name = "gps-cdcl"
  solver-version = 1
